// !$*UTF8*$!
{
	archiveVersion = 1;
	classes = {
	};
	objectVersion = 50;
	objects = {

/* Begin PBXBuildFile section */
		833077F420E2F1FA004E7480 /* MemeObject.swift in Sources */ = {isa = PBXBuildFile; fileRef = 833077F320E2F1FA004E7480 /* MemeObject.swift */; };
		833078F320E2FF8A004E7480 /* MemeMe2_0.xcdatamodeld in Sources */ = {isa = PBXBuildFile; fileRef = 833078F120E2FF8A004E7480 /* MemeMe2_0.xcdatamodeld */; };
		8330790220E30094004E7480 /* Meme+CoreDataClass.swift in Sources */ = {isa = PBXBuildFile; fileRef = 8330790020E30094004E7480 /* Meme+CoreDataClass.swift */; };
		8330790320E30094004E7480 /* Meme+CoreDataProperties.swift in Sources */ = {isa = PBXBuildFile; fileRef = 8330790120E30094004E7480 /* Meme+CoreDataProperties.swift */; };
		834E21AE20DC5B6F00575CB2 /* AppDelegate.swift in Sources */ = {isa = PBXBuildFile; fileRef = 834E21AD20DC5B6F00575CB2 /* AppDelegate.swift */; };
		834E21B020DC5B6F00575CB2 /* ViewController.swift in Sources */ = {isa = PBXBuildFile; fileRef = 834E21AF20DC5B6F00575CB2 /* ViewController.swift */; };
		834E21B320DC5B6F00575CB2 /* Main.storyboard in Resources */ = {isa = PBXBuildFile; fileRef = 834E21B120DC5B6F00575CB2 /* Main.storyboard */; };
		834E21B820DC5B7200575CB2 /* Assets.xcassets in Resources */ = {isa = PBXBuildFile; fileRef = 834E21B720DC5B7200575CB2 /* Assets.xcassets */; };
		834E21BB20DC5B7200575CB2 /* LaunchScreen.storyboard in Resources */ = {isa = PBXBuildFile; fileRef = 834E21B920DC5B7200575CB2 /* LaunchScreen.storyboard */; };
		834E21C620DC5B7200575CB2 /* MemeMe2_0Tests.swift in Sources */ = {isa = PBXBuildFile; fileRef = 834E21C520DC5B7200575CB2 /* MemeMe2_0Tests.swift */; };
		834E21D120DC5B7200575CB2 /* MemeMe2_0UITests.swift in Sources */ = {isa = PBXBuildFile; fileRef = 834E21D020DC5B7200575CB2 /* MemeMe2_0UITests.swift */; };
		834E21DF20DC5D0D00575CB2 /* MemeCollectionViewController.swift in Sources */ = {isa = PBXBuildFile; fileRef = 834E21DE20DC5D0D00575CB2 /* MemeCollectionViewController.swift */; };
		834E21E120DC5F0B00575CB2 /* MemeDetailViewController.swift in Sources */ = {isa = PBXBuildFile; fileRef = 834E21E020DC5F0B00575CB2 /* MemeDetailViewController.swift */; };
		834E21E320DC5F4F00575CB2 /* MemeCollectionViewCell.swift in Sources */ = {isa = PBXBuildFile; fileRef = 834E21E220DC5F4F00575CB2 /* MemeCollectionViewCell.swift */; };
		834E21EB20DC6B4B00575CB2 /* MemeTextFieldDelegate.swift in Sources */ = {isa = PBXBuildFile; fileRef = 834E21EA20DC6B4B00575CB2 /* MemeTextFieldDelegate.swift */; };
		834E21EE20DDD32D00575CB2 /* impact.ttf in Resources */ = {isa = PBXBuildFile; fileRef = 834E21ED20DDD32C00575CB2 /* impact.ttf */; };
/* End PBXBuildFile section */

/* Begin PBXContainerItemProxy section */
		834E21C220DC5B7200575CB2 /* PBXContainerItemProxy */ = {
			isa = PBXContainerItemProxy;
			containerPortal = 834E21A220DC5B6F00575CB2 /* Project object */;
			proxyType = 1;
			remoteGlobalIDString = 834E21A920DC5B6F00575CB2;
			remoteInfo = MemeMe2.0;
		};
		834E21CD20DC5B7200575CB2 /* PBXContainerItemProxy */ = {
			isa = PBXContainerItemProxy;
			containerPortal = 834E21A220DC5B6F00575CB2 /* Project object */;
			proxyType = 1;
			remoteGlobalIDString = 834E21A920DC5B6F00575CB2;
			remoteInfo = MemeMe2.0;
		};
/* End PBXContainerItemProxy section */

/* Begin PBXFileReference section */
		833077F320E2F1FA004E7480 /* MemeObject.swift */ = {isa = PBXFileReference; lastKnownFileType = sourcecode.swift; path = MemeObject.swift; sourceTree = "<group>"; };
		833078F220E2FF8A004E7480 /* MemeMe2_0.xcdatamodel */ = {isa = PBXFileReference; lastKnownFileType = wrapper.xcdatamodel; path = MemeMe2_0.xcdatamodel; sourceTree = "<group>"; };
		8330790020E30094004E7480 /* Meme+CoreDataClass.swift */ = {isa = PBXFileReference; lastKnownFileType = sourcecode.swift; path = "Meme+CoreDataClass.swift"; sourceTree = "<group>"; };
		8330790120E30094004E7480 /* Meme+CoreDataProperties.swift */ = {isa = PBXFileReference; lastKnownFileType = sourcecode.swift; path = "Meme+CoreDataProperties.swift"; sourceTree = "<group>"; };
		834E21AA20DC5B6F00575CB2 /* MemeMe2.0.app */ = {isa = PBXFileReference; explicitFileType = wrapper.application; includeInIndex = 0; path = MemeMe2.0.app; sourceTree = BUILT_PRODUCTS_DIR; };
		834E21AD20DC5B6F00575CB2 /* AppDelegate.swift */ = {isa = PBXFileReference; lastKnownFileType = sourcecode.swift; path = AppDelegate.swift; sourceTree = "<group>"; };
		834E21AF20DC5B6F00575CB2 /* ViewController.swift */ = {isa = PBXFileReference; lastKnownFileType = sourcecode.swift; path = ViewController.swift; sourceTree = "<group>"; };
		834E21B220DC5B6F00575CB2 /* Base */ = {isa = PBXFileReference; lastKnownFileType = file.storyboard; name = Base; path = Base.lproj/Main.storyboard; sourceTree = "<group>"; };
		834E21B720DC5B7200575CB2 /* Assets.xcassets */ = {isa = PBXFileReference; lastKnownFileType = folder.assetcatalog; path = Assets.xcassets; sourceTree = "<group>"; };
		834E21BA20DC5B7200575CB2 /* Base */ = {isa = PBXFileReference; lastKnownFileType = file.storyboard; name = Base; path = Base.lproj/LaunchScreen.storyboard; sourceTree = "<group>"; };
		834E21BC20DC5B7200575CB2 /* Info.plist */ = {isa = PBXFileReference; lastKnownFileType = text.plist.xml; path = Info.plist; sourceTree = "<group>"; };
		834E21C120DC5B7200575CB2 /* MemeMe2.0Tests.xctest */ = {isa = PBXFileReference; explicitFileType = wrapper.cfbundle; includeInIndex = 0; path = MemeMe2.0Tests.xctest; sourceTree = BUILT_PRODUCTS_DIR; };
		834E21C520DC5B7200575CB2 /* MemeMe2_0Tests.swift */ = {isa = PBXFileReference; lastKnownFileType = sourcecode.swift; path = MemeMe2_0Tests.swift; sourceTree = "<group>"; };
		834E21C720DC5B7200575CB2 /* Info.plist */ = {isa = PBXFileReference; lastKnownFileType = text.plist.xml; path = Info.plist; sourceTree = "<group>"; };
		834E21CC20DC5B7200575CB2 /* MemeMe2.0UITests.xctest */ = {isa = PBXFileReference; explicitFileType = wrapper.cfbundle; includeInIndex = 0; path = MemeMe2.0UITests.xctest; sourceTree = BUILT_PRODUCTS_DIR; };
		834E21D020DC5B7200575CB2 /* MemeMe2_0UITests.swift */ = {isa = PBXFileReference; lastKnownFileType = sourcecode.swift; path = MemeMe2_0UITests.swift; sourceTree = "<group>"; };
		834E21D220DC5B7200575CB2 /* Info.plist */ = {isa = PBXFileReference; lastKnownFileType = text.plist.xml; path = Info.plist; sourceTree = "<group>"; };
		834E21DE20DC5D0D00575CB2 /* MemeCollectionViewController.swift */ = {isa = PBXFileReference; lastKnownFileType = sourcecode.swift; path = MemeCollectionViewController.swift; sourceTree = "<group>"; };
		834E21E020DC5F0B00575CB2 /* MemeDetailViewController.swift */ = {isa = PBXFileReference; lastKnownFileType = sourcecode.swift; path = MemeDetailViewController.swift; sourceTree = "<group>"; };
		834E21E220DC5F4F00575CB2 /* MemeCollectionViewCell.swift */ = {isa = PBXFileReference; lastKnownFileType = sourcecode.swift; path = MemeCollectionViewCell.swift; sourceTree = "<group>"; };
		834E21EA20DC6B4B00575CB2 /* MemeTextFieldDelegate.swift */ = {isa = PBXFileReference; lastKnownFileType = sourcecode.swift; path = MemeTextFieldDelegate.swift; sourceTree = "<group>"; };
		834E21ED20DDD32C00575CB2 /* impact.ttf */ = {isa = PBXFileReference; lastKnownFileType = file; path = impact.ttf; sourceTree = "<group>"; };
/* End PBXFileReference section */

/* Begin PBXFrameworksBuildPhase section */
		834E21A720DC5B6F00575CB2 /* Frameworks */ = {
			isa = PBXFrameworksBuildPhase;
			buildActionMask = 2147483647;
			files = (
			);
			runOnlyForDeploymentPostprocessing = 0;
		};
		834E21BE20DC5B7200575CB2 /* Frameworks */ = {
			isa = PBXFrameworksBuildPhase;
			buildActionMask = 2147483647;
			files = (
			);
			runOnlyForDeploymentPostprocessing = 0;
		};
		834E21C920DC5B7200575CB2 /* Frameworks */ = {
			isa = PBXFrameworksBuildPhase;
			buildActionMask = 2147483647;
			files = (
			);
			runOnlyForDeploymentPostprocessing = 0;
		};
/* End PBXFrameworksBuildPhase section */

/* Begin PBXGroup section */
		834E21A120DC5B6F00575CB2 = {
			isa = PBXGroup;
			children = (
				8330790020E30094004E7480 /* Meme+CoreDataClass.swift */,
				8330790120E30094004E7480 /* Meme+CoreDataProperties.swift */,
				834E21AC20DC5B6F00575CB2 /* MemeMe2.0 */,
				834E21C420DC5B7200575CB2 /* MemeMe2.0Tests */,
				834E21CF20DC5B7200575CB2 /* MemeMe2.0UITests */,
				834E21AB20DC5B6F00575CB2 /* Products */,
			);
			sourceTree = "<group>";
		};
		834E21AB20DC5B6F00575CB2 /* Products */ = {
			isa = PBXGroup;
			children = (
				834E21AA20DC5B6F00575CB2 /* MemeMe2.0.app */,
				834E21C120DC5B7200575CB2 /* MemeMe2.0Tests.xctest */,
				834E21CC20DC5B7200575CB2 /* MemeMe2.0UITests.xctest */,
			);
			name = Products;
			sourceTree = "<group>";
		};
		834E21AC20DC5B6F00575CB2 /* MemeMe2.0 */ = {
			isa = PBXGroup;
			children = (
				834E21AD20DC5B6F00575CB2 /* AppDelegate.swift */,
				834E21AF20DC5B6F00575CB2 /* ViewController.swift */,
				834E21DE20DC5D0D00575CB2 /* MemeCollectionViewController.swift */,
				833077F320E2F1FA004E7480 /* MemeObject.swift */,
				834E21E220DC5F4F00575CB2 /* MemeCollectionViewCell.swift */,
				834E21E020DC5F0B00575CB2 /* MemeDetailViewController.swift */,
				834E21EA20DC6B4B00575CB2 /* MemeTextFieldDelegate.swift */,
				834E21BC20DC5B7200575CB2 /* Info.plist */,
				833078F120E2FF8A004E7480 /* MemeMe2_0.xcdatamodeld */,
				834E21B120DC5B6F00575CB2 /* Main.storyboard */,
				834E21B920DC5B7200575CB2 /* LaunchScreen.storyboard */,
				834E21B720DC5B7200575CB2 /* Assets.xcassets */,
				834E21EC20DDD32C00575CB2 /* Fonts */,
			);
			path = MemeMe2.0;
			sourceTree = "<group>";
		};
		834E21C420DC5B7200575CB2 /* MemeMe2.0Tests */ = {
			isa = PBXGroup;
			children = (
				834E21C520DC5B7200575CB2 /* MemeMe2_0Tests.swift */,
				834E21C720DC5B7200575CB2 /* Info.plist */,
			);
			path = MemeMe2.0Tests;
			sourceTree = "<group>";
		};
		834E21CF20DC5B7200575CB2 /* MemeMe2.0UITests */ = {
			isa = PBXGroup;
			children = (
				834E21D020DC5B7200575CB2 /* MemeMe2_0UITests.swift */,
				834E21D220DC5B7200575CB2 /* Info.plist */,
			);
			path = MemeMe2.0UITests;
			sourceTree = "<group>";
		};
		834E21EC20DDD32C00575CB2 /* Fonts */ = {
			isa = PBXGroup;
			children = (
				834E21ED20DDD32C00575CB2 /* impact.ttf */,
			);
			path = Fonts;
			sourceTree = "<group>";
		};
/* End PBXGroup section */

/* Begin PBXNativeTarget section */
		834E21A920DC5B6F00575CB2 /* MemeMe2.0 */ = {
			isa = PBXNativeTarget;
			buildConfigurationList = 834E21D520DC5B7200575CB2 /* Build configuration list for PBXNativeTarget "MemeMe2.0" */;
			buildPhases = (
				834E21A620DC5B6F00575CB2 /* Sources */,
				834E21A720DC5B6F00575CB2 /* Frameworks */,
				834E21A820DC5B6F00575CB2 /* Resources */,
			);
			buildRules = (
			);
			dependencies = (
			);
			name = MemeMe2.0;
			productName = MemeMe2.0;
			productReference = 834E21AA20DC5B6F00575CB2 /* MemeMe2.0.app */;
			productType = "com.apple.product-type.application";
		};
		834E21C020DC5B7200575CB2 /* MemeMe2.0Tests */ = {
			isa = PBXNativeTarget;
			buildConfigurationList = 834E21D820DC5B7200575CB2 /* Build configuration list for PBXNativeTarget "MemeMe2.0Tests" */;
			buildPhases = (
				834E21BD20DC5B7200575CB2 /* Sources */,
				834E21BE20DC5B7200575CB2 /* Frameworks */,
				834E21BF20DC5B7200575CB2 /* Resources */,
			);
			buildRules = (
			);
			dependencies = (
				834E21C320DC5B7200575CB2 /* PBXTargetDependency */,
			);
			name = MemeMe2.0Tests;
			productName = MemeMe2.0Tests;
			productReference = 834E21C120DC5B7200575CB2 /* MemeMe2.0Tests.xctest */;
			productType = "com.apple.product-type.bundle.unit-test";
		};
		834E21CB20DC5B7200575CB2 /* MemeMe2.0UITests */ = {
			isa = PBXNativeTarget;
			buildConfigurationList = 834E21DB20DC5B7200575CB2 /* Build configuration list for PBXNativeTarget "MemeMe2.0UITests" */;
			buildPhases = (
				834E21C820DC5B7200575CB2 /* Sources */,
				834E21C920DC5B7200575CB2 /* Frameworks */,
				834E21CA20DC5B7200575CB2 /* Resources */,
			);
			buildRules = (
			);
			dependencies = (
				834E21CE20DC5B7200575CB2 /* PBXTargetDependency */,
			);
			name = MemeMe2.0UITests;
			productName = MemeMe2.0UITests;
			productReference = 834E21CC20DC5B7200575CB2 /* MemeMe2.0UITests.xctest */;
			productType = "com.apple.product-type.bundle.ui-testing";
		};
/* End PBXNativeTarget section */

/* Begin PBXProject section */
		834E21A220DC5B6F00575CB2 /* Project object */ = {
			isa = PBXProject;
			attributes = {
				LastSwiftUpdateCheck = 0940;
				LastUpgradeCheck = 0940;
				ORGANIZATIONNAME = "Sean Conrad";
				TargetAttributes = {
					834E21A920DC5B6F00575CB2 = {
						CreatedOnToolsVersion = 9.4.1;
					};
					834E21C020DC5B7200575CB2 = {
						CreatedOnToolsVersion = 9.4.1;
						TestTargetID = 834E21A920DC5B6F00575CB2;
					};
					834E21CB20DC5B7200575CB2 = {
						CreatedOnToolsVersion = 9.4.1;
						TestTargetID = 834E21A920DC5B6F00575CB2;
					};
				};
			};
			buildConfigurationList = 834E21A520DC5B6F00575CB2 /* Build configuration list for PBXProject "MemeMe2.0" */;
			compatibilityVersion = "Xcode 9.3";
			developmentRegion = en;
			hasScannedForEncodings = 0;
			knownRegions = (
				en,
				Base,
			);
			mainGroup = 834E21A120DC5B6F00575CB2;
			productRefGroup = 834E21AB20DC5B6F00575CB2 /* Products */;
			projectDirPath = "";
			projectRoot = "";
			targets = (
				834E21A920DC5B6F00575CB2 /* MemeMe2.0 */,
				834E21C020DC5B7200575CB2 /* MemeMe2.0Tests */,
				834E21CB20DC5B7200575CB2 /* MemeMe2.0UITests */,
			);
		};
/* End PBXProject section */

/* Begin PBXResourcesBuildPhase section */
		834E21A820DC5B6F00575CB2 /* Resources */ = {
			isa = PBXResourcesBuildPhase;
			buildActionMask = 2147483647;
			files = (
				834E21EE20DDD32D00575CB2 /* impact.ttf in Resources */,
				834E21BB20DC5B7200575CB2 /* LaunchScreen.storyboard in Resources */,
				834E21B820DC5B7200575CB2 /* Assets.xcassets in Resources */,
				834E21B320DC5B6F00575CB2 /* Main.storyboard in Resources */,
			);
			runOnlyForDeploymentPostprocessing = 0;
		};
		834E21BF20DC5B7200575CB2 /* Resources */ = {
			isa = PBXResourcesBuildPhase;
			buildActionMask = 2147483647;
			files = (
			);
			runOnlyForDeploymentPostprocessing = 0;
		};
		834E21CA20DC5B7200575CB2 /* Resources */ = {
			isa = PBXResourcesBuildPhase;
			buildActionMask = 2147483647;
			files = (
			);
			runOnlyForDeploymentPostprocessing = 0;
		};
/* End PBXResourcesBuildPhase section */

/* Begin PBXSourcesBuildPhase section */
		834E21A620DC5B6F00575CB2 /* Sources */ = {
			isa = PBXSourcesBuildPhase;
			buildActionMask = 2147483647;
			files = (
				834E21E320DC5F4F00575CB2 /* MemeCollectionViewCell.swift in Sources */,
				8330790320E30094004E7480 /* Meme+CoreDataProperties.swift in Sources */,
				834E21DF20DC5D0D00575CB2 /* MemeCollectionViewController.swift in Sources */,
				834E21B020DC5B6F00575CB2 /* ViewController.swift in Sources */,
				834E21AE20DC5B6F00575CB2 /* AppDelegate.swift in Sources */,
				834E21EB20DC6B4B00575CB2 /* MemeTextFieldDelegate.swift in Sources */,
				833078F320E2FF8A004E7480 /* MemeMe2_0.xcdatamodeld in Sources */,
				833077F420E2F1FA004E7480 /* MemeObject.swift in Sources */,
				834E21E120DC5F0B00575CB2 /* MemeDetailViewController.swift in Sources */,
				8330790220E30094004E7480 /* Meme+CoreDataClass.swift in Sources */,
			);
			runOnlyForDeploymentPostprocessing = 0;
		};
		834E21BD20DC5B7200575CB2 /* Sources */ = {
			isa = PBXSourcesBuildPhase;
			buildActionMask = 2147483647;
			files = (
				834E21C620DC5B7200575CB2 /* MemeMe2_0Tests.swift in Sources */,
			);
			runOnlyForDeploymentPostprocessing = 0;
		};
		834E21C820DC5B7200575CB2 /* Sources */ = {
			isa = PBXSourcesBuildPhase;
			buildActionMask = 2147483647;
			files = (
				834E21D120DC5B7200575CB2 /* MemeMe2_0UITests.swift in Sources */,
			);
			runOnlyForDeploymentPostprocessing = 0;
		};
/* End PBXSourcesBuildPhase section */

/* Begin PBXTargetDependency section */
		834E21C320DC5B7200575CB2 /* PBXTargetDependency */ = {
			isa = PBXTargetDependency;
			target = 834E21A920DC5B6F00575CB2 /* MemeMe2.0 */;
			targetProxy = 834E21C220DC5B7200575CB2 /* PBXContainerItemProxy */;
		};
		834E21CE20DC5B7200575CB2 /* PBXTargetDependency */ = {
			isa = PBXTargetDependency;
			target = 834E21A920DC5B6F00575CB2 /* MemeMe2.0 */;
			targetProxy = 834E21CD20DC5B7200575CB2 /* PBXContainerItemProxy */;
		};
/* End PBXTargetDependency section */

/* Begin PBXVariantGroup section */
		834E21B120DC5B6F00575CB2 /* Main.storyboard */ = {
			isa = PBXVariantGroup;
			children = (
				834E21B220DC5B6F00575CB2 /* Base */,
			);
			name = Main.storyboard;
			sourceTree = "<group>";
		};
		834E21B920DC5B7200575CB2 /* LaunchScreen.storyboard */ = {
			isa = PBXVariantGroup;
			children = (
				834E21BA20DC5B7200575CB2 /* Base */,
			);
			name = LaunchScreen.storyboard;
			sourceTree = "<group>";
		};
/* End PBXVariantGroup section */

/* Begin XCBuildConfiguration section */
		834E21D320DC5B7200575CB2 /* Debug */ = {
			isa = XCBuildConfiguration;
			buildSettings = {
				ALWAYS_SEARCH_USER_PATHS = NO;
				CLANG_ANALYZER_NONNULL = YES;
				CLANG_ANALYZER_NUMBER_OBJECT_CONVERSION = YES_AGGRESSIVE;
				CLANG_CXX_LANGUAGE_STANDARD = "gnu++14";
				CLANG_CXX_LIBRARY = "libc++";
				CLANG_ENABLE_MODULES = YES;
				CLANG_ENABLE_OBJC_ARC = YES;
				CLANG_ENABLE_OBJC_WEAK = YES;
				CLANG_WARN_BLOCK_CAPTURE_AUTORELEASING = YES;
				CLANG_WARN_BOOL_CONVERSION = YES;
				CLANG_WARN_COMMA = YES;
				CLANG_WARN_CONSTANT_CONVERSION = YES;
				CLANG_WARN_DEPRECATED_OBJC_IMPLEMENTATIONS = YES;
				CLANG_WARN_DIRECT_OBJC_ISA_USAGE = YES_ERROR;
				CLANG_WARN_DOCUMENTATION_COMMENTS = YES;
				CLANG_WARN_EMPTY_BODY = YES;
				CLANG_WARN_ENUM_CONVERSION = YES;
				CLANG_WARN_INFINITE_RECURSION = YES;
				CLANG_WARN_INT_CONVERSION = YES;
				CLANG_WARN_NON_LITERAL_NULL_CONVERSION = YES;
				CLANG_WARN_OBJC_IMPLICIT_RETAIN_SELF = YES;
				CLANG_WARN_OBJC_LITERAL_CONVERSION = YES;
				CLANG_WARN_OBJC_ROOT_CLASS = YES_ERROR;
				CLANG_WARN_RANGE_LOOP_ANALYSIS = YES;
				CLANG_WARN_STRICT_PROTOTYPES = YES;
				CLANG_WARN_SUSPICIOUS_MOVE = YES;
				CLANG_WARN_UNGUARDED_AVAILABILITY = YES_AGGRESSIVE;
				CLANG_WARN_UNREACHABLE_CODE = YES;
				CLANG_WARN__DUPLICATE_METHOD_MATCH = YES;
				CODE_SIGN_IDENTITY = "iPhone Developer";
				COPY_PHASE_STRIP = NO;
				DEBUG_INFORMATION_FORMAT = dwarf;
				ENABLE_STRICT_OBJC_MSGSEND = YES;
				ENABLE_TESTABILITY = YES;
				GCC_C_LANGUAGE_STANDARD = gnu11;
				GCC_DYNAMIC_NO_PIC = NO;
				GCC_NO_COMMON_BLOCKS = YES;
				GCC_OPTIMIZATION_LEVEL = 0;
				GCC_PREPROCESSOR_DEFINITIONS = (
					"DEBUG=1",
					"$(inherited)",
				);
				GCC_WARN_64_TO_32_BIT_CONVERSION = YES;
				GCC_WARN_ABOUT_RETURN_TYPE = YES_ERROR;
				GCC_WARN_UNDECLARED_SELECTOR = YES;
				GCC_WARN_UNINITIALIZED_AUTOS = YES_AGGRESSIVE;
				GCC_WARN_UNUSED_FUNCTION = YES;
				GCC_WARN_UNUSED_VARIABLE = YES;
				IPHONEOS_DEPLOYMENT_TARGET = 11.4;
				MTL_ENABLE_DEBUG_INFO = YES;
				ONLY_ACTIVE_ARCH = YES;
				SDKROOT = iphoneos;
				SWIFT_ACTIVE_COMPILATION_CONDITIONS = DEBUG;
				SWIFT_OPTIMIZATION_LEVEL = "-Onone";
			};
			name = Debug;
		};
		834E21D420DC5B7200575CB2 /* Release */ = {
			isa = XCBuildConfiguration;
			buildSettings = {
				ALWAYS_SEARCH_USER_PATHS = NO;
				CLANG_ANALYZER_NONNULL = YES;
				CLANG_ANALYZER_NUMBER_OBJECT_CONVERSION = YES_AGGRESSIVE;
				CLANG_CXX_LANGUAGE_STANDARD = "gnu++14";
				CLANG_CXX_LIBRARY = "libc++";
				CLANG_ENABLE_MODULES = YES;
				CLANG_ENABLE_OBJC_ARC = YES;
				CLANG_ENABLE_OBJC_WEAK = YES;
				CLANG_WARN_BLOCK_CAPTURE_AUTORELEASING = YES;
				CLANG_WARN_BOOL_CONVERSION = YES;
				CLANG_WARN_COMMA = YES;
				CLANG_WARN_CONSTANT_CONVERSION = YES;
				CLANG_WARN_DEPRECATED_OBJC_IMPLEMENTATIONS = YES;
				CLANG_WARN_DIRECT_OBJC_ISA_USAGE = YES_ERROR;
				CLANG_WARN_DOCUMENTATION_COMMENTS = YES;
				CLANG_WARN_EMPTY_BODY = YES;
				CLANG_WARN_ENUM_CONVERSION = YES;
				CLANG_WARN_INFINITE_RECURSION = YES;
				CLANG_WARN_INT_CONVERSION = YES;
				CLANG_WARN_NON_LITERAL_NULL_CONVERSION = YES;
				CLANG_WARN_OBJC_IMPLICIT_RETAIN_SELF = YES;
				CLANG_WARN_OBJC_LITERAL_CONVERSION = YES;
				CLANG_WARN_OBJC_ROOT_CLASS = YES_ERROR;
				CLANG_WARN_RANGE_LOOP_ANALYSIS = YES;
				CLANG_WARN_STRICT_PROTOTYPES = YES;
				CLANG_WARN_SUSPICIOUS_MOVE = YES;
				CLANG_WARN_UNGUARDED_AVAILABILITY = YES_AGGRESSIVE;
				CLANG_WARN_UNREACHABLE_CODE = YES;
				CLANG_WARN__DUPLICATE_METHOD_MATCH = YES;
				CODE_SIGN_IDENTITY = "iPhone Developer";
				COPY_PHASE_STRIP = NO;
				DEBUG_INFORMATION_FORMAT = "dwarf-with-dsym";
				ENABLE_NS_ASSERTIONS = NO;
				ENABLE_STRICT_OBJC_MSGSEND = YES;
				GCC_C_LANGUAGE_STANDARD = gnu11;
				GCC_NO_COMMON_BLOCKS = YES;
				GCC_WARN_64_TO_32_BIT_CONVERSION = YES;
				GCC_WARN_ABOUT_RETURN_TYPE = YES_ERROR;
				GCC_WARN_UNDECLARED_SELECTOR = YES;
				GCC_WARN_UNINITIALIZED_AUTOS = YES_AGGRESSIVE;
				GCC_WARN_UNUSED_FUNCTION = YES;
				GCC_WARN_UNUSED_VARIABLE = YES;
				IPHONEOS_DEPLOYMENT_TARGET = 11.4;
				MTL_ENABLE_DEBUG_INFO = NO;
				SDKROOT = iphoneos;
				SWIFT_COMPILATION_MODE = wholemodule;
				SWIFT_OPTIMIZATION_LEVEL = "-O";
				VALIDATE_PRODUCT = YES;
			};
			name = Release;
		};
		834E21D620DC5B7200575CB2 /* Debug */ = {
			isa = XCBuildConfiguration;
			buildSettings = {
				ASSETCATALOG_COMPILER_APPICON_NAME = AppIcon;
				CODE_SIGN_STYLE = Automatic;
				DEVELOPMENT_TEAM = J4D56E3HNB;
				INFOPLIST_FILE = MemeMe2.0/Info.plist;
				LD_RUNPATH_SEARCH_PATHS = (
					"$(inherited)",
					"@executable_path/Frameworks",
				);
				PRODUCT_BUNDLE_IDENTIFIER = "com.seanconrad.iosnd.MemeMe2-0";
				PRODUCT_NAME = "$(TARGET_NAME)";
				SWIFT_VERSION = 4.0;
				TARGETED_DEVICE_FAMILY = "1,2";
			};
			name = Debug;
		};
		834E21D720DC5B7200575CB2 /* Release */ = {
			isa = XCBuildConfiguration;
			buildSettings = {
				ASSETCATALOG_COMPILER_APPICON_NAME = AppIcon;
				CODE_SIGN_STYLE = Automatic;
				DEVELOPMENT_TEAM = J4D56E3HNB;
				INFOPLIST_FILE = MemeMe2.0/Info.plist;
				LD_RUNPATH_SEARCH_PATHS = (
					"$(inherited)",
					"@executable_path/Frameworks",
				);
				PRODUCT_BUNDLE_IDENTIFIER = "com.seanconrad.iosnd.MemeMe2-0";
				PRODUCT_NAME = "$(TARGET_NAME)";
				SWIFT_VERSION = 4.0;
				TARGETED_DEVICE_FAMILY = "1,2";
			};
			name = Release;
		};
		834E21D920DC5B7200575CB2 /* Debug */ = {
			isa = XCBuildConfiguration;
			buildSettings = {
				ALWAYS_EMBED_SWIFT_STANDARD_LIBRARIES = YES;
				BUNDLE_LOADER = "$(TEST_HOST)";
				CODE_SIGN_STYLE = Automatic;
				DEVELOPMENT_TEAM = J4D56E3HNB;
				INFOPLIST_FILE = MemeMe2.0Tests/Info.plist;
				LD_RUNPATH_SEARCH_PATHS = (
					"$(inherited)",
					"@executable_path/Frameworks",
					"@loader_path/Frameworks",
				);
				PRODUCT_BUNDLE_IDENTIFIER = "com.seanconrad.iosnd.MemeMe2-0Tests";
				PRODUCT_NAME = "$(TARGET_NAME)";
				SWIFT_VERSION = 4.0;
				TARGETED_DEVICE_FAMILY = "1,2";
				TEST_HOST = "$(BUILT_PRODUCTS_DIR)/MemeMe2.0.app/MemeMe2.0";
			};
			name = Debug;
		};
		834E21DA20DC5B7200575CB2 /* Release */ = {
			isa = XCBuildConfiguration;
			buildSettings = {
				ALWAYS_EMBED_SWIFT_STANDARD_LIBRARIES = YES;
				BUNDLE_LOADER = "$(TEST_HOST)";
				CODE_SIGN_STYLE = Automatic;
				DEVELOPMENT_TEAM = J4D56E3HNB;
				INFOPLIST_FILE = MemeMe2.0Tests/Info.plist;
				LD_RUNPATH_SEARCH_PATHS = (
					"$(inherited)",
					"@executable_path/Frameworks",
					"@loader_path/Frameworks",
				);
				PRODUCT_BUNDLE_IDENTIFIER = "com.seanconrad.iosnd.MemeMe2-0Tests";
				PRODUCT_NAME = "$(TARGET_NAME)";
				SWIFT_VERSION = 4.0;
				TARGETED_DEVICE_FAMILY = "1,2";
				TEST_HOST = "$(BUILT_PRODUCTS_DIR)/MemeMe2.0.app/MemeMe2.0";
			};
			name = Release;
		};
		834E21DC20DC5B7200575CB2 /* Debug */ = {
			isa = XCBuildConfiguration;
			buildSettings = {
				ALWAYS_EMBED_SWIFT_STANDARD_LIBRARIES = YES;
				CODE_SIGN_STYLE = Automatic;
				DEVELOPMENT_TEAM = J4D56E3HNB;
				INFOPLIST_FILE = MemeMe2.0UITests/Info.plist;
				LD_RUNPATH_SEARCH_PATHS = (
					"$(inherited)",
					"@executable_path/Frameworks",
					"@loader_path/Frameworks",
				);
				PRODUCT_BUNDLE_IDENTIFIER = "com.seanconrad.iosnd.MemeMe2-0UITests";
				PRODUCT_NAME = "$(TARGET_NAME)";
				SWIFT_VERSION = 4.0;
				TARGETED_DEVICE_FAMILY = "1,2";
				TEST_TARGET_NAME = MemeMe2.0;
			};
			name = Debug;
		};
		834E21DD20DC5B7200575CB2 /* Release */ = {
			isa = XCBuildConfiguration;
			buildSettings = {
				ALWAYS_EMBED_SWIFT_STANDARD_LIBRARIES = YES;
				CODE_SIGN_STYLE = Automatic;
				DEVELOPMENT_TEAM = J4D56E3HNB;
				INFOPLIST_FILE = MemeMe2.0UITests/Info.plist;
				LD_RUNPATH_SEARCH_PATHS = (
					"$(inherited)",
					"@executable_path/Frameworks",
					"@loader_path/Frameworks",
				);
				PRODUCT_BUNDLE_IDENTIFIER = "com.seanconrad.iosnd.MemeMe2-0UITests";
				PRODUCT_NAME = "$(TARGET_NAME)";
				SWIFT_VERSION = 4.0;
				TARGETED_DEVICE_FAMILY = "1,2";
				TEST_TARGET_NAME = MemeMe2.0;
			};
			name = Release;
		};
/* End XCBuildConfiguration section */

/* Begin XCConfigurationList section */
		834E21A520DC5B6F00575CB2 /* Build configuration list for PBXProject "MemeMe2.0" */ = {
			isa = XCConfigurationList;
			buildConfigurations = (
				834E21D320DC5B7200575CB2 /* Debug */,
				834E21D420DC5B7200575CB2 /* Release */,
			);
			defaultConfigurationIsVisible = 0;
			defaultConfigurationName = Release;
		};
		834E21D520DC5B7200575CB2 /* Build configuration list for PBXNativeTarget "MemeMe2.0" */ = {
			isa = XCConfigurationList;
			buildConfigurations = (
				834E21D620DC5B7200575CB2 /* Debug */,
				834E21D720DC5B7200575CB2 /* Release */,
			);
			defaultConfigurationIsVisible = 0;
			defaultConfigurationName = Release;
		};
		834E21D820DC5B7200575CB2 /* Build configuration list for PBXNativeTarget "MemeMe2.0Tests" */ = {
			isa = XCConfigurationList;
			buildConfigurations = (
				834E21D920DC5B7200575CB2 /* Debug */,
				834E21DA20DC5B7200575CB2 /* Release */,
			);
			defaultConfigurationIsVisible = 0;
			defaultConfigurationName = Release;
		};
		834E21DB20DC5B7200575CB2 /* Build configuration list for PBXNativeTarget "MemeMe2.0UITests" */ = {
			isa = XCConfigurationList;
			buildConfigurations = (
				834E21DC20DC5B7200575CB2 /* Debug */,
				834E21DD20DC5B7200575CB2 /* Release */,
			);
			defaultConfigurationIsVisible = 0;
			defaultConfigurationName = Release;
		};
/* End XCConfigurationList section */

/* Begin XCVersionGroup section */
		833078F120E2FF8A004E7480 /* MemeMe2_0.xcdatamodeld */ = {
			isa = XCVersionGroup;
			children = (
				833078F220E2FF8A004E7480 /* MemeMe2_0.xcdatamodel */,
			);
			currentVersion = 833078F220E2FF8A004E7480 /* MemeMe2_0.xcdatamodel */;
			path = MemeMe2_0.xcdatamodeld;
			sourceTree = "<group>";
			versionGroupType = wrapper.xcdatamodel;
		};
/* End XCVersionGroup section */
	};
	rootObject = 834E21A220DC5B6F00575CB2 /* Project object */;
}
